
Microsoft Visual Studio Solution File, Format Version 12.00
# Visual Studio Version 17
VisualStudioVersion = 17.9.34622.214
MinimumVisualStudioVersion = 10.0.40219.1
Project("{888888A0-9F3D-457C-B088-3A5042F75D52}") = "PythonApplication1", "PythonApplication1\PythonApplication1.pyproj", "{4C7B4EDB-8D88-4B8F-85A2-EEFF3CDF1529}"
EndProject
Global
	GlobalSection(SolutionConfigurationPlatforms) = preSolution
		Debug|Any CPU = Debug|Any CPU
		Release|Any CPU = Release|Any CPU
	EndGlobalSection
	GlobalSection(ProjectConfigurationPlatforms) = postSolution
		{4C7B4EDB-8D88-4B8F-85A2-EEFF3CDF1529}.Debug|Any CPU.ActiveCfg = Debug|Any CPU
		{4C7B4EDB-8D88-4B8F-85A2-EEFF3CDF1529}.Release|Any CPU.ActiveCfg = Release|Any CPU
	EndGlobalSection
	GlobalSection(SolutionProperties) = preSolution
		HideSolutionNode = FALSE
	EndGlobalSection
	GlobalSection(ExtensibilityGlobals) = postSolution
		SolutionGuid = {F549B5F2-0CBB-4E55-9F47-12CD7EAC07F8}
	EndGlobalSection
EndGlobal
